
Microsoft Visual Studio Solution File, Format Version 12.00
# Visual Studio Version 16
VisualStudioVersion = 16.0.30717.126
MinimumVisualStudioVersion = 10.0.40219.1
Project("{9A19103F-16F7-4668-BE54-9A1E7A4F7556}") = "asp2.7", "asp2.7\asp2.7.csproj", "{ADC69E73-3D81-4D4D-9F1F-00DC66B8D5E2}"
EndProject
Project("{9A19103F-16F7-4668-BE54-9A1E7A4F7556}") = "Transport", "Transport\Transport.csproj", "{D8E76566-2657-4BBD-88F0-D1236B290D5B}"
EndProject
Project("{FAE04EC0-301F-11D3-BF4B-00C04F79EFBC}") = "asp6.3", "asp6.3\asp6.3.csproj", "{F601C447-4FB0-4481-83A9-8FA829EE1C23}"
EndProject
Global
	GlobalSection(SolutionConfigurationPlatforms) = preSolution
		Debug|Any CPU = Debug|Any CPU
		Release|Any CPU = Release|Any CPU
	EndGlobalSection
	GlobalSection(ProjectConfigurationPlatforms) = postSolution
		{ADC69E73-3D81-4D4D-9F1F-00DC66B8D5E2}.Debug|Any CPU.ActiveCfg = Debug|Any CPU
		{ADC69E73-3D81-4D4D-9F1F-00DC66B8D5E2}.Debug|Any CPU.Build.0 = Debug|Any CPU
		{ADC69E73-3D81-4D4D-9F1F-00DC66B8D5E2}.Release|Any CPU.ActiveCfg = Release|Any CPU
		{ADC69E73-3D81-4D4D-9F1F-00DC66B8D5E2}.Release|Any CPU.Build.0 = Release|Any CPU
		{D8E76566-2657-4BBD-88F0-D1236B290D5B}.Debug|Any CPU.ActiveCfg = Debug|Any CPU
		{D8E76566-2657-4BBD-88F0-D1236B290D5B}.Debug|Any CPU.Build.0 = Debug|Any CPU
		{D8E76566-2657-4BBD-88F0-D1236B290D5B}.Release|Any CPU.ActiveCfg = Release|Any CPU
		{D8E76566-2657-4BBD-88F0-D1236B290D5B}.Release|Any CPU.Build.0 = Release|Any CPU
		{F601C447-4FB0-4481-83A9-8FA829EE1C23}.Debug|Any CPU.ActiveCfg = Debug|Any CPU
		{F601C447-4FB0-4481-83A9-8FA829EE1C23}.Debug|Any CPU.Build.0 = Debug|Any CPU
		{F601C447-4FB0-4481-83A9-8FA829EE1C23}.Release|Any CPU.ActiveCfg = Release|Any CPU
		{F601C447-4FB0-4481-83A9-8FA829EE1C23}.Release|Any CPU.Build.0 = Release|Any CPU
	EndGlobalSection
	GlobalSection(SolutionProperties) = preSolution
		HideSolutionNode = FALSE
	EndGlobalSection
	GlobalSection(ExtensibilityGlobals) = postSolution
		SolutionGuid = {04007946-D63B-4AED-955C-5F4D5EFF8AAE}
	EndGlobalSection
EndGlobal
